
Microsoft Visual Studio Solution File, Format Version 12.00
# Visual Studio Version 17
VisualStudioVersion = 17.8.34525.116
MinimumVisualStudioVersion = 10.0.40219.1
Project("{9A19103F-16F7-4668-BE54-9A1E7A4F7556}") = "webApp_RazorPages", "webApp_RazorPages\webApp_RazorPages.csproj", "{FE170326-E7C5-49D3-A1F6-461D214E2E18}"
EndProject
Global
	GlobalSection(SolutionConfigurationPlatforms) = preSolution
		Debug|Any CPU = Debug|Any CPU
		Release|Any CPU = Release|Any CPU
	EndGlobalSection
	GlobalSection(ProjectConfigurationPlatforms) = postSolution
		{FE170326-E7C5-49D3-A1F6-461D214E2E18}.Debug|Any CPU.ActiveCfg = Debug|Any CPU
		{FE170326-E7C5-49D3-A1F6-461D214E2E18}.Debug|Any CPU.Build.0 = Debug|Any CPU
		{FE170326-E7C5-49D3-A1F6-461D214E2E18}.Release|Any CPU.ActiveCfg = Release|Any CPU
		{FE170326-E7C5-49D3-A1F6-461D214E2E18}.Release|Any CPU.Build.0 = Release|Any CPU
	EndGlobalSection
	GlobalSection(SolutionProperties) = preSolution
		HideSolutionNode = FALSE
	EndGlobalSection
	GlobalSection(ExtensibilityGlobals) = postSolution
		SolutionGuid = {3B606971-9B29-4F29-A768-7034ADC1A0B6}
	EndGlobalSection
EndGlobal
